speakeasyVersion: 1.456.1
sources:
    Polar-OAS:
        sourceNamespace: polar-oas
        sourceRevisionDigest: sha256:1e9d93d2659b8cb752ec5172bd0652070c9eb56a8299f0c4bf2de2a5c7a22318
        sourceBlobDigest: sha256:2fcb4a497110dfacf53652f840b4586fd532f15ddfa11dc8329db9987c54371a
        tags:
            - latest
            - 0.1.0
targets:
    polar:
        source: Polar-OAS
        sourceNamespace: polar-oas
        sourceRevisionDigest: sha256:1e9d93d2659b8cb752ec5172bd0652070c9eb56a8299f0c4bf2de2a5c7a22318
        sourceBlobDigest: sha256:2fcb4a497110dfacf53652f840b4586fd532f15ddfa11dc8329db9987c54371a
        codeSamplesNamespace: polar-api-php-code-samples
        codeSamplesRevisionDigest: sha256:60f7723c2f70363500167accfeb9e53c99c04ed68a7a807f42bce731c7fd5481
workflow:
    workflowVersion: 1.0.0
    speakeasyVersion: latest
    sources:
        Polar-OAS:
            inputs:
                - location: https://api.polar.sh/openapi.json
            overlays:
                - location: https://raw.githubusercontent.com/polarsource/polar/main/sdk/overlays/security.yml
                - location: https://raw.githubusercontent.com/polarsource/polar/main/sdk/overlays/type_parameter.yml
                - location: https://raw.githubusercontent.com/polarsource/polar/main/sdk/overlays/product_price_discriminator.yml
                - location: https://raw.githubusercontent.com/polarsource/polar/main/sdk/overlays/read_only.yml
            registry:
                location: registry.speakeasyapi.dev/polar/polar/polar-oas
    targets:
        polar:
            target: php
            source: Polar-OAS
            codeSamples:
                registry:
                    location: registry.speakeasyapi.dev/polar/polar/polar-api-php-code-samples
                blocking: false
